
Microsoft Visual Studio Solution File, Format Version 12.00
# Visual Studio 14
VisualStudioVersion = 14.0.23107.0
MinimumVisualStudioVersion = 10.0.40219.1
Project("{FAE04EC0-301F-11D3-BF4B-00C04F79EFBC}") = "GeoserverManager", "GeoserverManager\GeoserverManager.csproj", "{BFD57AA7-A22F-4A0E-A1CB-D3E3F32D7F27}"
EndProject
Project("{2150E333-8FDC-42A3-9474-1A3956D46DE8}") = "Interface Adapters", "Interface Adapters", "{FE91B395-11AE-49A1-8092-19A657B69B79}"
EndProject
Project("{2150E333-8FDC-42A3-9474-1A3956D46DE8}") = "UI", "UI", "{D82A5FEB-F8D3-470C-9AB5-A63292F88C4A}"
EndProject
Project("{2150E333-8FDC-42A3-9474-1A3956D46DE8}") = "Desktop", "Desktop", "{B5D0BD11-B73C-4371-9B23-F9BED2617002}"
EndProject
Project("{2150E333-8FDC-42A3-9474-1A3956D46DE8}") = "Infrastructure", "Infrastructure", "{9F3A0FB9-6180-49B5-9BF2-4A4CF23F5A01}"
EndProject
Project("{2150E333-8FDC-42A3-9474-1A3956D46DE8}") = "Inversion of Control", "Inversion of Control", "{FDC89E17-8596-46AE-AEF6-392069FF2AB0}"
EndProject
Project("{2150E333-8FDC-42A3-9474-1A3956D46DE8}") = "Persistence", "Persistence", "{7A20D891-FA09-4D36-A38B-2398EE1E57B9}"
EndProject
Project("{FAE04EC0-301F-11D3-BF4B-00C04F79EFBC}") = "GeoserverManager.DAL.Interface", "GeoserverManager.DAL.Interface\GeoserverManager.DAL.Interface.csproj", "{A3D8D48A-5E5C-4637-A3FF-9C6FCC74233F}"
EndProject
Project("{FAE04EC0-301F-11D3-BF4B-00C04F79EFBC}") = "GeoserverManager.DAL", "GeoserverManager.DAL\GeoserverManager.DAL.csproj", "{ADA25A1C-5E82-4F02-88CE-4DF8061A4906}"
EndProject
Project("{2150E333-8FDC-42A3-9474-1A3956D46DE8}") = "Tests", "Tests", "{8D7981EC-3BE2-4412-B063-BE4874D466AC}"
EndProject
Project("{2150E333-8FDC-42A3-9474-1A3956D46DE8}") = "Integration Tests", "Integration Tests", "{E1E1D4B9-CB53-4962-A60E-B961EED087AD}"
EndProject
Project("{FAE04EC0-301F-11D3-BF4B-00C04F79EFBC}") = "GeoserverManager.DAL.Tests", "GeoserverManager.DAL.Tests\GeoserverManager.DAL.Tests.csproj", "{F0EB95B7-2155-451E-AAD3-3DEAB62FDCC1}"
EndProject
Project("{2150E333-8FDC-42A3-9474-1A3956D46DE8}") = "Persistence", "Persistence", "{38CB9067-4BAE-4722-AF6A-44E0EB752A7B}"
EndProject
Project("{2150E333-8FDC-42A3-9474-1A3956D46DE8}") = "Unit Tests", "Unit Tests", "{887905AF-F1B7-440F-A512-E0DC27E7EDF8}"
EndProject
Project("{FAE04EC0-301F-11D3-BF4B-00C04F79EFBC}") = "GeoserverManager.DAL.Integration.Tests", "GeoserverManager.DAL.Integration.Tests\GeoserverManager.DAL.Integration.Tests.csproj", "{8D4756BE-4A28-4C56-8C2F-2AFA4FEC1C3B}"
EndProject
Project("{2150E333-8FDC-42A3-9474-1A3956D46DE8}") = "Use Cases", "Use Cases", "{C9A8BE4D-2F9F-4840-B86B-69D502289C83}"
EndProject
Project("{2150E333-8FDC-42A3-9474-1A3956D46DE8}") = "Core", "Core", "{D29973E5-6B2D-4282-A9E2-4B5019528954}"
EndProject
Project("{2150E333-8FDC-42A3-9474-1A3956D46DE8}") = "Entities", "Entities", "{5B233F34-A6DB-4820-8CBA-3C48D21151A5}"
EndProject
Project("{FAE04EC0-301F-11D3-BF4B-00C04F79EFBC}") = "GeoserverManager.Entities", "GeoserverManager.Entities\GeoserverManager.Entities.csproj", "{FBFECAF6-D7E3-4B29-82F3-279007CB4481}"
EndProject
Project("{FAE04EC0-301F-11D3-BF4B-00C04F79EFBC}") = "GeoserverManager.Entities.Interface", "GeoserverManager.Entities.Interface\GeoserverManager.Entities.Interface.csproj", "{3A8E26F8-0FC1-4A83-9B46-D351116DEF35}"
EndProject
Project("{2150E333-8FDC-42A3-9474-1A3956D46DE8}") = "Repositories", "Repositories", "{F021533E-7477-4283-B048-BF04BDD2D4FE}"
EndProject
Project("{FAE04EC0-301F-11D3-BF4B-00C04F79EFBC}") = "GeoserverManager.DAL.Repositories", "GeoserverManager.DAL.Repositories\GeoserverManager.DAL.Repositories.csproj", "{2D0F72AF-A226-4621-8CDE-B8FD2B440F45}"
EndProject
Project("{FAE04EC0-301F-11D3-BF4B-00C04F79EFBC}") = "GeoserverManager.UseCases", "GeoserverManager.UseCases\GeoserverManager.UseCases.csproj", "{2B5D1EF5-06A0-4F45-A875-FC2EC850F8B9}"
EndProject
Project("{FAE04EC0-301F-11D3-BF4B-00C04F79EFBC}") = "GeoserverManager.UseCases.Interface", "GeoserverManager.UseCases.Interface\GeoserverManager.UseCases.Interface.csproj", "{536BF67D-00BA-4520-AFBC-963CFDEC1BAA}"
EndProject
Project("{FAE04EC0-301F-11D3-BF4B-00C04F79EFBC}") = "GeoserverManager.UseCases.Base.Interface", "GeoserverManager.UseCases.Base.Interface\GeoserverManager.UseCases.Base.Interface.csproj", "{835C1BF9-A72D-44C8-AE79-1A40560703E1}"
EndProject
Project("{FAE04EC0-301F-11D3-BF4B-00C04F79EFBC}") = "GeoserverManager.Entities.Base.Interface", "GeoserverManager.Entities.Base.Interface\GeoserverManager.Entities.Base.Interface.csproj", "{9782A491-7FB8-44D1-88BA-32B78EE5EC3A}"
EndProject
Project("{2150E333-8FDC-42A3-9474-1A3956D46DE8}") = "Interface Adapters", "Interface Adapters", "{D4E17A2A-C2F1-4D7D-ADB1-B1F3A040F0E3}"
EndProject
Project("{FAE04EC0-301F-11D3-BF4B-00C04F79EFBC}") = "GeoserverManager.DAL.Repositories.Tests", "GeoserverManager.DAL.Repositories.Tests\GeoserverManager.DAL.Repositories.Tests.csproj", "{DA678D62-D167-4063-9377-A5225B7EDA0C}"
EndProject
Project("{FAE04EC0-301F-11D3-BF4B-00C04F79EFBC}") = "GeoserverManager.IoC", "GeoserverManager.IoC\GeoserverManager.IoC.csproj", "{AD40D74B-181D-4F09-95A6-CAA15DC592E6}"
EndProject
Project("{2150E333-8FDC-42A3-9474-1A3956D46DE8}") = "Rest Client", "Rest Client", "{486CC05F-87F3-45C3-B8CF-228793AB77A6}"
EndProject
Project("{FAE04EC0-301F-11D3-BF4B-00C04F79EFBC}") = "GeoserverManager.Geoserver.Rest.Client", "GeoserverManager.Geoserver.Rest.Client\GeoserverManager.Geoserver.Rest.Client.csproj", "{ED45F433-F9A5-4C1A-91DF-C5DF2BF9F1F7}"
EndProject
Project("{2150E333-8FDC-42A3-9474-1A3956D46DE8}") = "Rest Client", "Rest Client", "{963A2554-5686-405A-A74F-01DF477BBBA4}"
EndProject
Project("{FAE04EC0-301F-11D3-BF4B-00C04F79EFBC}") = "GeoserverManager.Rest.Client", "GeoserverManager.Rest.Client\GeoserverManager.Rest.Client.csproj", "{9C6787D4-BC5F-48F3-8EDB-DB32F374A618}"
EndProject
Project("{2150E333-8FDC-42A3-9474-1A3956D46DE8}") = "Project Utilities", "Project Utilities", "{20649DE2-0FAA-4AF2-B40B-4DB41789666F}"
EndProject
Project("{2150E333-8FDC-42A3-9474-1A3956D46DE8}") = "Spike", "Spike", "{B892A56C-9185-476F-8437-DC5F7CEAC8CA}"
EndProject
Project("{FAE04EC0-301F-11D3-BF4B-00C04F79EFBC}") = "GeoserverManager.Rest.Client.Spike", "GeoserverManager.Rest.Client.Spike\GeoserverManager.Rest.Client.Spike.csproj", "{1292E7D2-BFF9-4513-81CD-39A1EE33E15F}"
EndProject
Global
	GlobalSection(SolutionConfigurationPlatforms) = preSolution
		Debug|Any CPU = Debug|Any CPU
		Release|Any CPU = Release|Any CPU
	EndGlobalSection
	GlobalSection(ProjectConfigurationPlatforms) = postSolution
		{BFD57AA7-A22F-4A0E-A1CB-D3E3F32D7F27}.Debug|Any CPU.ActiveCfg = Debug|Any CPU
		{BFD57AA7-A22F-4A0E-A1CB-D3E3F32D7F27}.Debug|Any CPU.Build.0 = Debug|Any CPU
		{BFD57AA7-A22F-4A0E-A1CB-D3E3F32D7F27}.Release|Any CPU.ActiveCfg = Release|Any CPU
		{BFD57AA7-A22F-4A0E-A1CB-D3E3F32D7F27}.Release|Any CPU.Build.0 = Release|Any CPU
		{A3D8D48A-5E5C-4637-A3FF-9C6FCC74233F}.Debug|Any CPU.ActiveCfg = Debug|Any CPU
		{A3D8D48A-5E5C-4637-A3FF-9C6FCC74233F}.Debug|Any CPU.Build.0 = Debug|Any CPU
		{A3D8D48A-5E5C-4637-A3FF-9C6FCC74233F}.Release|Any CPU.ActiveCfg = Release|Any CPU
		{A3D8D48A-5E5C-4637-A3FF-9C6FCC74233F}.Release|Any CPU.Build.0 = Release|Any CPU
		{ADA25A1C-5E82-4F02-88CE-4DF8061A4906}.Debug|Any CPU.ActiveCfg = Debug|Any CPU
		{ADA25A1C-5E82-4F02-88CE-4DF8061A4906}.Debug|Any CPU.Build.0 = Debug|Any CPU
		{ADA25A1C-5E82-4F02-88CE-4DF8061A4906}.Release|Any CPU.ActiveCfg = Release|Any CPU
		{ADA25A1C-5E82-4F02-88CE-4DF8061A4906}.Release|Any CPU.Build.0 = Release|Any CPU
		{F0EB95B7-2155-451E-AAD3-3DEAB62FDCC1}.Debug|Any CPU.ActiveCfg = Debug|Any CPU
		{F0EB95B7-2155-451E-AAD3-3DEAB62FDCC1}.Debug|Any CPU.Build.0 = Debug|Any CPU
		{F0EB95B7-2155-451E-AAD3-3DEAB62FDCC1}.Release|Any CPU.ActiveCfg = Release|Any CPU
		{F0EB95B7-2155-451E-AAD3-3DEAB62FDCC1}.Release|Any CPU.Build.0 = Release|Any CPU
		{8D4756BE-4A28-4C56-8C2F-2AFA4FEC1C3B}.Debug|Any CPU.ActiveCfg = Debug|Any CPU
		{8D4756BE-4A28-4C56-8C2F-2AFA4FEC1C3B}.Debug|Any CPU.Build.0 = Debug|Any CPU
		{8D4756BE-4A28-4C56-8C2F-2AFA4FEC1C3B}.Release|Any CPU.ActiveCfg = Release|Any CPU
		{8D4756BE-4A28-4C56-8C2F-2AFA4FEC1C3B}.Release|Any CPU.Build.0 = Release|Any CPU
		{FBFECAF6-D7E3-4B29-82F3-279007CB4481}.Debug|Any CPU.ActiveCfg = Debug|Any CPU
		{FBFECAF6-D7E3-4B29-82F3-279007CB4481}.Debug|Any CPU.Build.0 = Debug|Any CPU
		{FBFECAF6-D7E3-4B29-82F3-279007CB4481}.Release|Any CPU.ActiveCfg = Release|Any CPU
		{FBFECAF6-D7E3-4B29-82F3-279007CB4481}.Release|Any CPU.Build.0 = Release|Any CPU
		{3A8E26F8-0FC1-4A83-9B46-D351116DEF35}.Debug|Any CPU.ActiveCfg = Debug|Any CPU
		{3A8E26F8-0FC1-4A83-9B46-D351116DEF35}.Debug|Any CPU.Build.0 = Debug|Any CPU
		{3A8E26F8-0FC1-4A83-9B46-D351116DEF35}.Release|Any CPU.ActiveCfg = Release|Any CPU
		{3A8E26F8-0FC1-4A83-9B46-D351116DEF35}.Release|Any CPU.Build.0 = Release|Any CPU
		{2D0F72AF-A226-4621-8CDE-B8FD2B440F45}.Debug|Any CPU.ActiveCfg = Debug|Any CPU
		{2D0F72AF-A226-4621-8CDE-B8FD2B440F45}.Debug|Any CPU.Build.0 = Debug|Any CPU
		{2D0F72AF-A226-4621-8CDE-B8FD2B440F45}.Release|Any CPU.ActiveCfg = Release|Any CPU
		{2D0F72AF-A226-4621-8CDE-B8FD2B440F45}.Release|Any CPU.Build.0 = Release|Any CPU
		{2B5D1EF5-06A0-4F45-A875-FC2EC850F8B9}.Debug|Any CPU.ActiveCfg = Debug|Any CPU
		{2B5D1EF5-06A0-4F45-A875-FC2EC850F8B9}.Debug|Any CPU.Build.0 = Debug|Any CPU
		{2B5D1EF5-06A0-4F45-A875-FC2EC850F8B9}.Release|Any CPU.ActiveCfg = Release|Any CPU
		{2B5D1EF5-06A0-4F45-A875-FC2EC850F8B9}.Release|Any CPU.Build.0 = Release|Any CPU
		{536BF67D-00BA-4520-AFBC-963CFDEC1BAA}.Debug|Any CPU.ActiveCfg = Debug|Any CPU
		{536BF67D-00BA-4520-AFBC-963CFDEC1BAA}.Debug|Any CPU.Build.0 = Debug|Any CPU
		{536BF67D-00BA-4520-AFBC-963CFDEC1BAA}.Release|Any CPU.ActiveCfg = Release|Any CPU
		{536BF67D-00BA-4520-AFBC-963CFDEC1BAA}.Release|Any CPU.Build.0 = Release|Any CPU
		{835C1BF9-A72D-44C8-AE79-1A40560703E1}.Debug|Any CPU.ActiveCfg = Debug|Any CPU
		{835C1BF9-A72D-44C8-AE79-1A40560703E1}.Debug|Any CPU.Build.0 = Debug|Any CPU
		{835C1BF9-A72D-44C8-AE79-1A40560703E1}.Release|Any CPU.ActiveCfg = Release|Any CPU
		{835C1BF9-A72D-44C8-AE79-1A40560703E1}.Release|Any CPU.Build.0 = Release|Any CPU
		{9782A491-7FB8-44D1-88BA-32B78EE5EC3A}.Debug|Any CPU.ActiveCfg = Debug|Any CPU
		{9782A491-7FB8-44D1-88BA-32B78EE5EC3A}.Debug|Any CPU.Build.0 = Debug|Any CPU
		{9782A491-7FB8-44D1-88BA-32B78EE5EC3A}.Release|Any CPU.ActiveCfg = Release|Any CPU
		{9782A491-7FB8-44D1-88BA-32B78EE5EC3A}.Release|Any CPU.Build.0 = Release|Any CPU
		{DA678D62-D167-4063-9377-A5225B7EDA0C}.Debug|Any CPU.ActiveCfg = Debug|Any CPU
		{DA678D62-D167-4063-9377-A5225B7EDA0C}.Debug|Any CPU.Build.0 = Debug|Any CPU
		{DA678D62-D167-4063-9377-A5225B7EDA0C}.Release|Any CPU.ActiveCfg = Release|Any CPU
		{DA678D62-D167-4063-9377-A5225B7EDA0C}.Release|Any CPU.Build.0 = Release|Any CPU
		{AD40D74B-181D-4F09-95A6-CAA15DC592E6}.Debug|Any CPU.ActiveCfg = Debug|Any CPU
		{AD40D74B-181D-4F09-95A6-CAA15DC592E6}.Debug|Any CPU.Build.0 = Debug|Any CPU
		{AD40D74B-181D-4F09-95A6-CAA15DC592E6}.Release|Any CPU.ActiveCfg = Release|Any CPU
		{AD40D74B-181D-4F09-95A6-CAA15DC592E6}.Release|Any CPU.Build.0 = Release|Any CPU
		{ED45F433-F9A5-4C1A-91DF-C5DF2BF9F1F7}.Debug|Any CPU.ActiveCfg = Debug|Any CPU
		{ED45F433-F9A5-4C1A-91DF-C5DF2BF9F1F7}.Debug|Any CPU.Build.0 = Debug|Any CPU
		{ED45F433-F9A5-4C1A-91DF-C5DF2BF9F1F7}.Release|Any CPU.ActiveCfg = Release|Any CPU
		{ED45F433-F9A5-4C1A-91DF-C5DF2BF9F1F7}.Release|Any CPU.Build.0 = Release|Any CPU
		{9C6787D4-BC5F-48F3-8EDB-DB32F374A618}.Debug|Any CPU.ActiveCfg = Debug|Any CPU
		{9C6787D4-BC5F-48F3-8EDB-DB32F374A618}.Debug|Any CPU.Build.0 = Debug|Any CPU
		{9C6787D4-BC5F-48F3-8EDB-DB32F374A618}.Release|Any CPU.ActiveCfg = Release|Any CPU
		{9C6787D4-BC5F-48F3-8EDB-DB32F374A618}.Release|Any CPU.Build.0 = Release|Any CPU
		{1292E7D2-BFF9-4513-81CD-39A1EE33E15F}.Debug|Any CPU.ActiveCfg = Debug|Any CPU
		{1292E7D2-BFF9-4513-81CD-39A1EE33E15F}.Debug|Any CPU.Build.0 = Debug|Any CPU
		{1292E7D2-BFF9-4513-81CD-39A1EE33E15F}.Release|Any CPU.ActiveCfg = Release|Any CPU
		{1292E7D2-BFF9-4513-81CD-39A1EE33E15F}.Release|Any CPU.Build.0 = Release|Any CPU
	EndGlobalSection
	GlobalSection(SolutionProperties) = preSolution
		HideSolutionNode = FALSE
	EndGlobalSection
	GlobalSection(NestedProjects) = preSolution
		{BFD57AA7-A22F-4A0E-A1CB-D3E3F32D7F27} = {B5D0BD11-B73C-4371-9B23-F9BED2617002}
		{D82A5FEB-F8D3-470C-9AB5-A63292F88C4A} = {FE91B395-11AE-49A1-8092-19A657B69B79}
		{B5D0BD11-B73C-4371-9B23-F9BED2617002} = {D82A5FEB-F8D3-470C-9AB5-A63292F88C4A}
		{FDC89E17-8596-46AE-AEF6-392069FF2AB0} = {9F3A0FB9-6180-49B5-9BF2-4A4CF23F5A01}
		{7A20D891-FA09-4D36-A38B-2398EE1E57B9} = {9F3A0FB9-6180-49B5-9BF2-4A4CF23F5A01}
		{A3D8D48A-5E5C-4637-A3FF-9C6FCC74233F} = {7A20D891-FA09-4D36-A38B-2398EE1E57B9}
		{ADA25A1C-5E82-4F02-88CE-4DF8061A4906} = {7A20D891-FA09-4D36-A38B-2398EE1E57B9}
		{E1E1D4B9-CB53-4962-A60E-B961EED087AD} = {8D7981EC-3BE2-4412-B063-BE4874D466AC}
		{F0EB95B7-2155-451E-AAD3-3DEAB62FDCC1} = {38CB9067-4BAE-4722-AF6A-44E0EB752A7B}
		{38CB9067-4BAE-4722-AF6A-44E0EB752A7B} = {887905AF-F1B7-440F-A512-E0DC27E7EDF8}
		{887905AF-F1B7-440F-A512-E0DC27E7EDF8} = {8D7981EC-3BE2-4412-B063-BE4874D466AC}
		{8D4756BE-4A28-4C56-8C2F-2AFA4FEC1C3B} = {E1E1D4B9-CB53-4962-A60E-B961EED087AD}
		{C9A8BE4D-2F9F-4840-B86B-69D502289C83} = {D29973E5-6B2D-4282-A9E2-4B5019528954}
		{5B233F34-A6DB-4820-8CBA-3C48D21151A5} = {D29973E5-6B2D-4282-A9E2-4B5019528954}
		{FBFECAF6-D7E3-4B29-82F3-279007CB4481} = {5B233F34-A6DB-4820-8CBA-3C48D21151A5}
		{3A8E26F8-0FC1-4A83-9B46-D351116DEF35} = {5B233F34-A6DB-4820-8CBA-3C48D21151A5}
		{F021533E-7477-4283-B048-BF04BDD2D4FE} = {FE91B395-11AE-49A1-8092-19A657B69B79}
		{2D0F72AF-A226-4621-8CDE-B8FD2B440F45} = {F021533E-7477-4283-B048-BF04BDD2D4FE}
		{2B5D1EF5-06A0-4F45-A875-FC2EC850F8B9} = {C9A8BE4D-2F9F-4840-B86B-69D502289C83}
		{536BF67D-00BA-4520-AFBC-963CFDEC1BAA} = {C9A8BE4D-2F9F-4840-B86B-69D502289C83}
		{835C1BF9-A72D-44C8-AE79-1A40560703E1} = {C9A8BE4D-2F9F-4840-B86B-69D502289C83}
		{9782A491-7FB8-44D1-88BA-32B78EE5EC3A} = {5B233F34-A6DB-4820-8CBA-3C48D21151A5}
		{D4E17A2A-C2F1-4D7D-ADB1-B1F3A040F0E3} = {887905AF-F1B7-440F-A512-E0DC27E7EDF8}
		{DA678D62-D167-4063-9377-A5225B7EDA0C} = {D4E17A2A-C2F1-4D7D-ADB1-B1F3A040F0E3}
		{AD40D74B-181D-4F09-95A6-CAA15DC592E6} = {FDC89E17-8596-46AE-AEF6-392069FF2AB0}
		{486CC05F-87F3-45C3-B8CF-228793AB77A6} = {FE91B395-11AE-49A1-8092-19A657B69B79}
		{ED45F433-F9A5-4C1A-91DF-C5DF2BF9F1F7} = {486CC05F-87F3-45C3-B8CF-228793AB77A6}
		{963A2554-5686-405A-A74F-01DF477BBBA4} = {9F3A0FB9-6180-49B5-9BF2-4A4CF23F5A01}
		{9C6787D4-BC5F-48F3-8EDB-DB32F374A618} = {963A2554-5686-405A-A74F-01DF477BBBA4}
		{B892A56C-9185-476F-8437-DC5F7CEAC8CA} = {20649DE2-0FAA-4AF2-B40B-4DB41789666F}
		{1292E7D2-BFF9-4513-81CD-39A1EE33E15F} = {B892A56C-9185-476F-8437-DC5F7CEAC8CA}
	EndGlobalSection
EndGlobal
